// !$*UTF8*$!
{
	archiveVersion = 1;
	classes = {
	};
	objectVersion = 46;
	objects = {

/* Begin PBXBuildFile section */
		1626B6BF1CD0E47B00E53DB2 /* AppDelegate.swift in Sources */ = {isa = PBXBuildFile; fileRef = 1626B6BE1CD0E47B00E53DB2 /* AppDelegate.swift */; };
		1626B6C11CD0E47B00E53DB2 /* GameController.swift in Sources */ = {isa = PBXBuildFile; fileRef = 1626B6C01CD0E47B00E53DB2 /* GameController.swift */; };
		1626B6C41CD0E47B00E53DB2 /* Main.storyboard in Resources */ = {isa = PBXBuildFile; fileRef = 1626B6C21CD0E47B00E53DB2 /* Main.storyboard */; };
		1626B6C61CD0E47B00E53DB2 /* Assets.xcassets in Resources */ = {isa = PBXBuildFile; fileRef = 1626B6C51CD0E47B00E53DB2 /* Assets.xcassets */; };
		1626B6C91CD0E47B00E53DB2 /* LaunchScreen.storyboard in Resources */ = {isa = PBXBuildFile; fileRef = 1626B6C71CD0E47B00E53DB2 /* LaunchScreen.storyboard */; };
		1626B6D31CD0E59600E53DB2 /* CoreLocation.framework in Frameworks */ = {isa = PBXBuildFile; fileRef = 1626B6D21CD0E59600E53DB2 /* CoreLocation.framework */; };
		164EB20B1CD200EA003E8660 /* MapKit.framework in Frameworks */ = {isa = PBXBuildFile; fileRef = 164EB20A1CD200EA003E8660 /* MapKit.framework */; };
		16581B221CDC856F00AE4FF4 /* QuestTableViewCell.swift in Sources */ = {isa = PBXBuildFile; fileRef = 16581B211CDC856F00AE4FF4 /* QuestTableViewCell.swift */; };
		166017FE1CDB70110091CE59 /* UIImageView+AFNetworking copy.swift in Sources */ = {isa = PBXBuildFile; fileRef = 166017FD1CDB70110091CE59 /* UIImageView+AFNetworking copy.swift */; };
		167817821CDB42BC004C3193 /* Main_ViewController.swift in Sources */ = {isa = PBXBuildFile; fileRef = 167817811CDB42BC004C3193 /* Main_ViewController.swift */; };
		167817851CDB48D3004C3193 /* Quests_elem_scope.swift in Sources */ = {isa = PBXBuildFile; fileRef = 167817841CDB48D3004C3193 /* Quests_elem_scope.swift */; };
		16F197F41CDC9F21008F6811 /* QuestDetailController.swift in Sources */ = {isa = PBXBuildFile; fileRef = 16F197F31CDC9F21008F6811 /* QuestDetailController.swift */; };
/* End PBXBuildFile section */

/* Begin PBXFileReference section */
		1626B6BB1CD0E47B00E53DB2 /* QRQ.app */ = {isa = PBXFileReference; explicitFileType = wrapper.application; includeInIndex = 0; path = QRQ.app; sourceTree = BUILT_PRODUCTS_DIR; };
		1626B6BE1CD0E47B00E53DB2 /* AppDelegate.swift */ = {isa = PBXFileReference; lastKnownFileType = sourcecode.swift; path = AppDelegate.swift; sourceTree = "<group>"; };
		1626B6C01CD0E47B00E53DB2 /* GameController.swift */ = {isa = PBXFileReference; lastKnownFileType = sourcecode.swift; path = GameController.swift; sourceTree = "<group>"; };
		1626B6C31CD0E47B00E53DB2 /* Base */ = {isa = PBXFileReference; lastKnownFileType = file.storyboard; name = Base; path = Base.lproj/Main.storyboard; sourceTree = "<group>"; };
		1626B6C51CD0E47B00E53DB2 /* Assets.xcassets */ = {isa = PBXFileReference; lastKnownFileType = folder.assetcatalog; path = Assets.xcassets; sourceTree = "<group>"; };
		1626B6C81CD0E47B00E53DB2 /* Base */ = {isa = PBXFileReference; lastKnownFileType = file.storyboard; name = Base; path = Base.lproj/LaunchScreen.storyboard; sourceTree = "<group>"; };
		1626B6CA1CD0E47B00E53DB2 /* Info.plist */ = {isa = PBXFileReference; lastKnownFileType = text.plist.xml; path = Info.plist; sourceTree = "<group>"; };
		1626B6D21CD0E59600E53DB2 /* CoreLocation.framework */ = {isa = PBXFileReference; lastKnownFileType = wrapper.framework; name = CoreLocation.framework; path = System/Library/Frameworks/CoreLocation.framework; sourceTree = SDKROOT; };
		164EB20A1CD200EA003E8660 /* MapKit.framework */ = {isa = PBXFileReference; lastKnownFileType = wrapper.framework; name = MapKit.framework; path = System/Library/Frameworks/MapKit.framework; sourceTree = SDKROOT; };
		16581B211CDC856F00AE4FF4 /* QuestTableViewCell.swift */ = {isa = PBXFileReference; fileEncoding = 4; lastKnownFileType = sourcecode.swift; path = QuestTableViewCell.swift; sourceTree = "<group>"; };
		166017FD1CDB70110091CE59 /* UIImageView+AFNetworking copy.swift */ = {isa = PBXFileReference; fileEncoding = 4; lastKnownFileType = sourcecode.swift; path = "UIImageView+AFNetworking copy.swift"; sourceTree = "<group>"; };
		167817811CDB42BC004C3193 /* Main_ViewController.swift */ = {isa = PBXFileReference; fileEncoding = 4; lastKnownFileType = sourcecode.swift; name = Main_ViewController.swift; path = MainView/Main_ViewController.swift; sourceTree = "<group>"; };
		167817841CDB48D3004C3193 /* Quests_elem_scope.swift */ = {isa = PBXFileReference; fileEncoding = 4; lastKnownFileType = sourcecode.swift; path = Quests_elem_scope.swift; sourceTree = "<group>"; };
		16F197F31CDC9F21008F6811 /* QuestDetailController.swift */ = {isa = PBXFileReference; fileEncoding = 4; lastKnownFileType = sourcecode.swift; path = QuestDetailController.swift; sourceTree = "<group>"; };
/* End PBXFileReference section */

/* Begin PBXFrameworksBuildPhase section */
		1626B6B81CD0E47B00E53DB2 /* Frameworks */ = {
			isa = PBXFrameworksBuildPhase;
			buildActionMask = 2147483647;
			files = (
				164EB20B1CD200EA003E8660 /* MapKit.framework in Frameworks */,
				1626B6D31CD0E59600E53DB2 /* CoreLocation.framework in Frameworks */,
			);
			runOnlyForDeploymentPostprocessing = 0;
		};
/* End PBXFrameworksBuildPhase section */

/* Begin PBXGroup section */
		1626B6B21CD0E47B00E53DB2 = {
			isa = PBXGroup;
			children = (
				164EB20A1CD200EA003E8660 /* MapKit.framework */,
				1626B6D21CD0E59600E53DB2 /* CoreLocation.framework */,
				1626B6BD1CD0E47B00E53DB2 /* QRQ */,
				1626B6BC1CD0E47B00E53DB2 /* Products */,
			);
			sourceTree = "<group>";
		};
		1626B6BC1CD0E47B00E53DB2 /* Products */ = {
			isa = PBXGroup;
			children = (
				1626B6BB1CD0E47B00E53DB2 /* QRQ.app */,
			);
			name = Products;
			sourceTree = "<group>";
		};
		1626B6BD1CD0E47B00E53DB2 /* QRQ */ = {
			isa = PBXGroup;
			children = (
				166017FD1CDB70110091CE59 /* UIImageView+AFNetworking copy.swift */,
				1626B6BE1CD0E47B00E53DB2 /* AppDelegate.swift */,
				1626B6C21CD0E47B00E53DB2 /* Main.storyboard */,
				166069801CE490A8003D39C0 /* Game */,
				16581B231CDC85E000AE4FF4 /* Cell */,
				167817831CDB435C004C3193 /* Main */,
				1626B6C51CD0E47B00E53DB2 /* Assets.xcassets */,
				1626B6C71CD0E47B00E53DB2 /* LaunchScreen.storyboard */,
				1626B6CA1CD0E47B00E53DB2 /* Info.plist */,
				167817861CDB48D7004C3193 /* Scopes */,
			);
			path = QRQ;
			sourceTree = "<group>";
		};
		16581B231CDC85E000AE4FF4 /* Cell */ = {
			isa = PBXGroup;
			children = (
				16581B211CDC856F00AE4FF4 /* QuestTableViewCell.swift */,
			);
			name = Cell;
			sourceTree = "<group>";
		};
		166069801CE490A8003D39C0 /* Game */ = {
			isa = PBXGroup;
			children = (
				1626B6C01CD0E47B00E53DB2 /* GameController.swift */,
			);
			name = Game;
			sourceTree = "<group>";
		};
		167817831CDB435C004C3193 /* Main */ = {
			isa = PBXGroup;
			children = (
				167817811CDB42BC004C3193 /* Main_ViewController.swift */,
				16F197F31CDC9F21008F6811 /* QuestDetailController.swift */,
			);
			name = Main;
			sourceTree = "<group>";
		};
		167817861CDB48D7004C3193 /* Scopes */ = {
			isa = PBXGroup;
			children = (
				167817841CDB48D3004C3193 /* Quests_elem_scope.swift */,
			);
			name = Scopes;
			sourceTree = "<group>";
		};
/* End PBXGroup section */

/* Begin PBXNativeTarget section */
		1626B6BA1CD0E47B00E53DB2 /* QRQ */ = {
			isa = PBXNativeTarget;
			buildConfigurationList = 1626B6CD1CD0E47B00E53DB2 /* Build configuration list for PBXNativeTarget "QRQ" */;
			buildPhases = (
				1626B6B71CD0E47B00E53DB2 /* Sources */,
				1626B6B81CD0E47B00E53DB2 /* Frameworks */,
				1626B6B91CD0E47B00E53DB2 /* Resources */,
			);
			buildRules = (
			);
			dependencies = (
			);
			name = QRQ;
			productName = QRQ;
			productReference = 1626B6BB1CD0E47B00E53DB2 /* QRQ.app */;
			productType = "com.apple.product-type.application";
		};
/* End PBXNativeTarget section */

/* Begin PBXProject section */
		1626B6B31CD0E47B00E53DB2 /* Project object */ = {
			isa = PBXProject;
			attributes = {
				LastSwiftUpdateCheck = 0730;
				LastUpgradeCheck = 0730;
				ORGANIZATIONNAME = "Yura Tronyak";
				TargetAttributes = {
					1626B6BA1CD0E47B00E53DB2 = {
						CreatedOnToolsVersion = 7.3;
						DevelopmentTeam = LQFML9N332;
						SystemCapabilities = {
							com.apple.BackgroundModes = {
								enabled = 1;
							};
							com.apple.Maps.iOS = {
								enabled = 1;
							};
						};
					};
				};
			};
			buildConfigurationList = 1626B6B61CD0E47B00E53DB2 /* Build configuration list for PBXProject "QRQ" */;
			compatibilityVersion = "Xcode 3.2";
			developmentRegion = English;
			hasScannedForEncodings = 0;
			knownRegions = (
				en,
				Base,
			);
			mainGroup = 1626B6B21CD0E47B00E53DB2;
			productRefGroup = 1626B6BC1CD0E47B00E53DB2 /* Products */;
			projectDirPath = "";
			projectRoot = "";
			targets = (
				1626B6BA1CD0E47B00E53DB2 /* QRQ */,
			);
		};
/* End PBXProject section */

/* Begin PBXResourcesBuildPhase section */
		1626B6B91CD0E47B00E53DB2 /* Resources */ = {
			isa = PBXResourcesBuildPhase;
			buildActionMask = 2147483647;
			files = (
				1626B6C91CD0E47B00E53DB2 /* LaunchScreen.storyboard in Resources */,
				1626B6C61CD0E47B00E53DB2 /* Assets.xcassets in Resources */,
				1626B6C41CD0E47B00E53DB2 /* Main.storyboard in Resources */,
			);
			runOnlyForDeploymentPostprocessing = 0;
		};
/* End PBXResourcesBuildPhase section */

/* Begin PBXSourcesBuildPhase section */
		1626B6B71CD0E47B00E53DB2 /* Sources */ = {
			isa = PBXSourcesBuildPhase;
			buildActionMask = 2147483647;
			files = (
				1626B6C11CD0E47B00E53DB2 /* GameController.swift in Sources */,
				166017FE1CDB70110091CE59 /* UIImageView+AFNetworking copy.swift in Sources */,
				16581B221CDC856F00AE4FF4 /* QuestTableViewCell.swift in Sources */,
				1626B6BF1CD0E47B00E53DB2 /* AppDelegate.swift in Sources */,
				16F197F41CDC9F21008F6811 /* QuestDetailController.swift in Sources */,
				167817851CDB48D3004C3193 /* Quests_elem_scope.swift in Sources */,
				167817821CDB42BC004C3193 /* Main_ViewController.swift in Sources */,
			);
			runOnlyForDeploymentPostprocessing = 0;
		};
/* End PBXSourcesBuildPhase section */

/* Begin PBXVariantGroup section */
		1626B6C21CD0E47B00E53DB2 /* Main.storyboard */ = {
			isa = PBXVariantGroup;
			children = (
				1626B6C31CD0E47B00E53DB2 /* Base */,
			);
			name = Main.storyboard;
			sourceTree = "<group>";
		};
		1626B6C71CD0E47B00E53DB2 /* LaunchScreen.storyboard */ = {
			isa = PBXVariantGroup;
			children = (
				1626B6C81CD0E47B00E53DB2 /* Base */,
			);
			name = LaunchScreen.storyboard;
			sourceTree = "<group>";
		};
/* End PBXVariantGroup section */

/* Begin XCBuildConfiguration section */
		1626B6CB1CD0E47B00E53DB2 /* Debug */ = {
			isa = XCBuildConfiguration;
			buildSettings = {
				ALWAYS_SEARCH_USER_PATHS = NO;
				CLANG_CXX_LANGUAGE_STANDARD = "gnu++0x";
				CLANG_CXX_LIBRARY = "libc++";
				CLANG_ENABLE_MODULES = YES;
				CLANG_ENABLE_OBJC_ARC = YES;
				CLANG_WARN_BOOL_CONVERSION = YES;
				CLANG_WARN_CONSTANT_CONVERSION = YES;
				CLANG_WARN_DIRECT_OBJC_ISA_USAGE = YES_ERROR;
				CLANG_WARN_EMPTY_BODY = YES;
				CLANG_WARN_ENUM_CONVERSION = YES;
				CLANG_WARN_INT_CONVERSION = YES;
				CLANG_WARN_OBJC_ROOT_CLASS = YES_ERROR;
				CLANG_WARN_UNREACHABLE_CODE = YES;
				CLANG_WARN__DUPLICATE_METHOD_MATCH = YES;
				"CODE_SIGN_IDENTITY[sdk=iphoneos*]" = "iPhone Developer";
				COPY_PHASE_STRIP = NO;
				DEBUG_INFORMATION_FORMAT = dwarf;
				ENABLE_STRICT_OBJC_MSGSEND = YES;
				ENABLE_TESTABILITY = YES;
				GCC_C_LANGUAGE_STANDARD = gnu99;
				GCC_DYNAMIC_NO_PIC = NO;
				GCC_NO_COMMON_BLOCKS = YES;
				GCC_OPTIMIZATION_LEVEL = 0;
				GCC_PREPROCESSOR_DEFINITIONS = (
					"DEBUG=1",
					"$(inherited)",
				);
				GCC_WARN_64_TO_32_BIT_CONVERSION = YES;
				GCC_WARN_ABOUT_RETURN_TYPE = YES_ERROR;
				GCC_WARN_UNDECLARED_SELECTOR = YES;
				GCC_WARN_UNINITIALIZED_AUTOS = YES_AGGRESSIVE;
				GCC_WARN_UNUSED_FUNCTION = YES;
				GCC_WARN_UNUSED_VARIABLE = YES;
				IPHONEOS_DEPLOYMENT_TARGET = 9.3;
				MTL_ENABLE_DEBUG_INFO = YES;
				ONLY_ACTIVE_ARCH = YES;
				SDKROOT = iphoneos;
				SWIFT_OPTIMIZATION_LEVEL = "-Onone";
				TARGETED_DEVICE_FAMILY = "1,2";
			};
			name = Debug;
		};
		1626B6CC1CD0E47B00E53DB2 /* Release */ = {
			isa = XCBuildConfiguration;
			buildSettings = {
				ALWAYS_SEARCH_USER_PATHS = NO;
				CLANG_CXX_LANGUAGE_STANDARD = "gnu++0x";
				CLANG_CXX_LIBRARY = "libc++";
				CLANG_ENABLE_MODULES = YES;
				CLANG_ENABLE_OBJC_ARC = YES;
				CLANG_WARN_BOOL_CONVERSION = YES;
				CLANG_WARN_CONSTANT_CONVERSION = YES;
				CLANG_WARN_DIRECT_OBJC_ISA_USAGE = YES_ERROR;
				CLANG_WARN_EMPTY_BODY = YES;
				CLANG_WARN_ENUM_CONVERSION = YES;
				CLANG_WARN_INT_CONVERSION = YES;
				CLANG_WARN_OBJC_ROOT_CLASS = YES_ERROR;
				CLANG_WARN_UNREACHABLE_CODE = YES;
				CLANG_WARN__DUPLICATE_METHOD_MATCH = YES;
				"CODE_SIGN_IDENTITY[sdk=iphoneos*]" = "iPhone Developer";
				COPY_PHASE_STRIP = NO;
				DEBUG_INFORMATION_FORMAT = "dwarf-with-dsym";
				ENABLE_NS_ASSERTIONS = NO;
				ENABLE_STRICT_OBJC_MSGSEND = YES;
				GCC_C_LANGUAGE_STANDARD = gnu99;
				GCC_NO_COMMON_BLOCKS = YES;
				GCC_WARN_64_TO_32_BIT_CONVERSION = YES;
				GCC_WARN_ABOUT_RETURN_TYPE = YES_ERROR;
				GCC_WARN_UNDECLARED_SELECTOR = YES;
				GCC_WARN_UNINITIALIZED_AUTOS = YES_AGGRESSIVE;
				GCC_WARN_UNUSED_FUNCTION = YES;
				GCC_WARN_UNUSED_VARIABLE = YES;
				IPHONEOS_DEPLOYMENT_TARGET = 9.3;
				MTL_ENABLE_DEBUG_INFO = NO;
				SDKROOT = iphoneos;
				TARGETED_DEVICE_FAMILY = "1,2";
				VALIDATE_PRODUCT = YES;
			};
			name = Release;
		};
		1626B6CE1CD0E47B00E53DB2 /* Debug */ = {
			isa = XCBuildConfiguration;
			buildSettings = {
				ASSETCATALOG_COMPILER_APPICON_NAME = AppIcon;
				INFOPLIST_FILE = QRQ/Info.plist;
				LD_RUNPATH_SEARCH_PATHS = "$(inherited) @executable_path/Frameworks";
				PRODUCT_BUNDLE_IDENTIFIER = Tronyak.com.QRQ;
				PRODUCT_NAME = "$(TARGET_NAME)";
			};
			name = Debug;
		};
		1626B6CF1CD0E47B00E53DB2 /* Release */ = {
			isa = XCBuildConfiguration;
			buildSettings = {
				ASSETCATALOG_COMPILER_APPICON_NAME = AppIcon;
				INFOPLIST_FILE = QRQ/Info.plist;
				LD_RUNPATH_SEARCH_PATHS = "$(inherited) @executable_path/Frameworks";
				PRODUCT_BUNDLE_IDENTIFIER = Tronyak.com.QRQ;
				PRODUCT_NAME = "$(TARGET_NAME)";
			};
			name = Release;
		};
/* End XCBuildConfiguration section */

/* Begin XCConfigurationList section */
		1626B6B61CD0E47B00E53DB2 /* Build configuration list for PBXProject "QRQ" */ = {
			isa = XCConfigurationList;
			buildConfigurations = (
				1626B6CB1CD0E47B00E53DB2 /* Debug */,
				1626B6CC1CD0E47B00E53DB2 /* Release */,
			);
			defaultConfigurationIsVisible = 0;
			defaultConfigurationName = Release;
		};
		1626B6CD1CD0E47B00E53DB2 /* Build configuration list for PBXNativeTarget "QRQ" */ = {
			isa = XCConfigurationList;
			buildConfigurations = (
				1626B6CE1CD0E47B00E53DB2 /* Debug */,
				1626B6CF1CD0E47B00E53DB2 /* Release */,
			);
			defaultConfigurationIsVisible = 0;
			defaultConfigurationName = Release;
		};
/* End XCConfigurationList section */
	};
	rootObject = 1626B6B31CD0E47B00E53DB2 /* Project object */;
}
